Microsoft Visual Studio Solution File, Format Version 12.00
# Visual Studio Version 17
VisualStudioVersion = 17.5.2.0
MinimumVisualStudioVersion = 10.0.40219.1
Project("{FAE04EC0-301F-11D3-BF4B-00C04F79EFBC}") = "VALORANT Overlay", "VALORANT Overlay.csproj", "{25646547-01AD-A517-35D4-75B5039D0691}"
EndProject
Global
	GlobalSection(SolutionConfigurationPlatforms) = preSolution
		Debug|Any CPU = Debug|Any CPU
		Release|Any CPU = Release|Any CPU
	EndGlobalSection
	GlobalSection(ProjectConfigurationPlatforms) = postSolution
		{25646547-01AD-A517-35D4-75B5039D0691}.Debug|Any CPU.ActiveCfg = Debug|Any CPU
		{25646547-01AD-A517-35D4-75B5039D0691}.Debug|Any CPU.Build.0 = Debug|Any CPU
		{25646547-01AD-A517-35D4-75B5039D0691}.Release|Any CPU.ActiveCfg = Release|Any CPU
		{25646547-01AD-A517-35D4-75B5039D0691}.Release|Any CPU.Build.0 = Release|Any CPU
	EndGlobalSection
	GlobalSection(SolutionProperties) = preSolution
		HideSolutionNode = FALSE
	EndGlobalSection
	GlobalSection(ExtensibilityGlobals) = postSolution
		SolutionGuid = {322EE6FB-037E-45E8-B0C2-3C4B0ED87E62}
	EndGlobalSection
EndGlobal
